# THIS IS AN AUTOGENERATED FILE. DO NOT EDIT THIS FILE DIRECTLY.
# yarn lockfile v1


lucide-static@^1.9.0:
  version "1.9.0"
  resolved "https://registry.yarnpkg.com/lucide-static/-/lucide-static-1.9.0.tgz#9596b5bc8d6b3ac9fbee4ac18d17c7a5ac7fa76d"
  integrity sha512-X2sw9Z6Czwc2yqrLzlFUYUH2R6Y66qYg1RAOZrRSeoKoO+UAttCYkGIpEgnP4BSeBcyVef2vrF+uScdpiyTKRg==
