# THIS IS AN AUTOGENERATED FILE. DO NOT EDIT THIS FILE DIRECTLY.
# yarn lockfile v1


lucide-static@0.523.0:
  version "0.523.0"
  resolved "https://registry.yarnpkg.com/lucide-static/-/lucide-static-0.523.0.tgz#c9e242cecbf418bd500c3a605cbf3e060631e4b0"
  integrity sha512-cI99TKixBkmhicQd9caKuSKsCpOGSa+OA7DNw9pgJyAW0fljqllt9OTXHzNmEuVuKzNy/anT92lnh+RcgdzABg==
