# THIS IS AN AUTOGENERATED FILE. DO NOT EDIT THIS FILE DIRECTLY.
# yarn lockfile v1


lucide-static@^1.7.0:
  version "1.8.0"
  resolved "https://registry.yarnpkg.com/lucide-static/-/lucide-static-1.8.0.tgz#090215a5400c13fb97ff6a7e9136492bad8aedca"
  integrity sha512-eQJCJuDg3tyQrjP0PwD5eIA4ePd5CMdxkrfyqk3iUQA4VOtsJ0v5T6IBJ5UyR3SYHzUn8HOAEL+I+SLVnOJNIA==
